
Microsoft Visual Studio Solution File, Format Version 12.00
# Visual Studio Version 17
VisualStudioVersion = 17.9.34728.123
MinimumVisualStudioVersion = 10.0.40219.1
Project("{FAE04EC0-301F-11D3-BF4B-00C04F79EFBC}") = "WebApplication1", "WebApplication1\WebApplication1.csproj", "{D5E3C5E0-657A-49F4-9557-0D3A9EAE9A08}"
EndProject
Global
	GlobalSection(SolutionConfigurationPlatforms) = preSolution
		Debug|Any CPU = Debug|Any CPU
		Release|Any CPU = Release|Any CPU
	EndGlobalSection
	GlobalSection(ProjectConfigurationPlatforms) = postSolution
		{D5E3C5E0-657A-49F4-9557-0D3A9EAE9A08}.Debug|Any CPU.ActiveCfg = Debug|Any CPU
		{D5E3C5E0-657A-49F4-9557-0D3A9EAE9A08}.Debug|Any CPU.Build.0 = Debug|Any CPU
		{D5E3C5E0-657A-49F4-9557-0D3A9EAE9A08}.Release|Any CPU.ActiveCfg = Release|Any CPU
		{D5E3C5E0-657A-49F4-9557-0D3A9EAE9A08}.Release|Any CPU.Build.0 = Release|Any CPU
	EndGlobalSection
	GlobalSection(SolutionProperties) = preSolution
		HideSolutionNode = FALSE
	EndGlobalSection
	GlobalSection(ExtensibilityGlobals) = postSolution
		SolutionGuid = {EE9F033D-D2C0-4E2E-8953-52934C5E9C23}
	EndGlobalSection
EndGlobal
